
Microsoft Visual Studio Solution File, Format Version 12.00
# Visual Studio Version 16
VisualStudioVersion = 16.0.31112.23
MinimumVisualStudioVersion = 10.0.40219.1
Project("{FAE04EC0-301F-11D3-BF4B-00C04F79EFBC}") = "EmpDetails", "EmpDetails\EmpDetails.csproj", "{BABB1E82-5E14-4998-AF4A-39C290F85C2A}"
EndProject
Project("{FAE04EC0-301F-11D3-BF4B-00C04F79EFBC}") = "BusinessLayer", "BusinessLayer\BusinessLayer.csproj", "{F34AD7BA-28BD-4AE2-8850-4972C9245E22}"
EndProject
Project("{FAE04EC0-301F-11D3-BF4B-00C04F79EFBC}") = "CommanLayer", "CommanLayer\CommanLayer.csproj", "{694B7B54-973C-414C-91A7-F10AAA67A8F8}"
EndProject
Project("{FAE04EC0-301F-11D3-BF4B-00C04F79EFBC}") = "RepositoryLayer", "RepositoryLayer\RepositoryLayer.csproj", "{DD5D159B-23E1-40E8-AF40-FBF9943425F4}"
EndProject
Global
	GlobalSection(SolutionConfigurationPlatforms) = preSolution
		Debug|Any CPU = Debug|Any CPU
		Release|Any CPU = Release|Any CPU
	EndGlobalSection
	GlobalSection(ProjectConfigurationPlatforms) = postSolution
		{BABB1E82-5E14-4998-AF4A-39C290F85C2A}.Debug|Any CPU.ActiveCfg = Debug|Any CPU
		{BABB1E82-5E14-4998-AF4A-39C290F85C2A}.Debug|Any CPU.Build.0 = Debug|Any CPU
		{BABB1E82-5E14-4998-AF4A-39C290F85C2A}.Release|Any CPU.ActiveCfg = Release|Any CPU
		{BABB1E82-5E14-4998-AF4A-39C290F85C2A}.Release|Any CPU.Build.0 = Release|Any CPU
		{F34AD7BA-28BD-4AE2-8850-4972C9245E22}.Debug|Any CPU.ActiveCfg = Debug|Any CPU
		{F34AD7BA-28BD-4AE2-8850-4972C9245E22}.Debug|Any CPU.Build.0 = Debug|Any CPU
		{F34AD7BA-28BD-4AE2-8850-4972C9245E22}.Release|Any CPU.ActiveCfg = Release|Any CPU
		{F34AD7BA-28BD-4AE2-8850-4972C9245E22}.Release|Any CPU.Build.0 = Release|Any CPU
		{694B7B54-973C-414C-91A7-F10AAA67A8F8}.Debug|Any CPU.ActiveCfg = Debug|Any CPU
		{694B7B54-973C-414C-91A7-F10AAA67A8F8}.Debug|Any CPU.Build.0 = Debug|Any CPU
		{694B7B54-973C-414C-91A7-F10AAA67A8F8}.Release|Any CPU.ActiveCfg = Release|Any CPU
		{694B7B54-973C-414C-91A7-F10AAA67A8F8}.Release|Any CPU.Build.0 = Release|Any CPU
		{DD5D159B-23E1-40E8-AF40-FBF9943425F4}.Debug|Any CPU.ActiveCfg = Debug|Any CPU
		{DD5D159B-23E1-40E8-AF40-FBF9943425F4}.Debug|Any CPU.Build.0 = Debug|Any CPU
		{DD5D159B-23E1-40E8-AF40-FBF9943425F4}.Release|Any CPU.ActiveCfg = Release|Any CPU
		{DD5D159B-23E1-40E8-AF40-FBF9943425F4}.Release|Any CPU.Build.0 = Release|Any CPU
	EndGlobalSection
	GlobalSection(SolutionProperties) = preSolution
		HideSolutionNode = FALSE
	EndGlobalSection
	GlobalSection(ExtensibilityGlobals) = postSolution
		SolutionGuid = {E38191C2-3401-4F33-8A20-1CE797ECDE98}
	EndGlobalSection
EndGlobal
